
Microsoft Visual Studio Solution File, Format Version 12.00
# Visual Studio Version 16
VisualStudioVersion = 16.0.32630.194
MinimumVisualStudioVersion = 10.0.40219.1
Project("{FAE04EC0-301F-11D3-BF4B-00C04F79EFBC}") = "WEBAPI_Prj1", "WEBAPI_Prj1\WEBAPI_Prj1.csproj", "{A2CBAF80-B0D1-4387-B62C-0C2395D7D687}"
EndProject
Global
	GlobalSection(SolutionConfigurationPlatforms) = preSolution
		Debug|Any CPU = Debug|Any CPU
		Release|Any CPU = Release|Any CPU
	EndGlobalSection
	GlobalSection(ProjectConfigurationPlatforms) = postSolution
		{A2CBAF80-B0D1-4387-B62C-0C2395D7D687}.Debug|Any CPU.ActiveCfg = Debug|Any CPU
		{A2CBAF80-B0D1-4387-B62C-0C2395D7D687}.Debug|Any CPU.Build.0 = Debug|Any CPU
		{A2CBAF80-B0D1-4387-B62C-0C2395D7D687}.Release|Any CPU.ActiveCfg = Release|Any CPU
		{A2CBAF80-B0D1-4387-B62C-0C2395D7D687}.Release|Any CPU.Build.0 = Release|Any CPU
	EndGlobalSection
	GlobalSection(SolutionProperties) = preSolution
		HideSolutionNode = FALSE
	EndGlobalSection
	GlobalSection(ExtensibilityGlobals) = postSolution
		SolutionGuid = {1B7C8A11-1490-4080-9D9B-1A3BE85BE4D1}
	EndGlobalSection
EndGlobal
