
Microsoft Visual Studio Solution File, Format Version 12.00
# Visual Studio Version 16
VisualStudioVersion = 16.0.32630.194
MinimumVisualStudioVersion = 10.0.40219.1
Project("{FAE04EC0-301F-11D3-BF4B-00C04F79EFBC}") = "CorePrj1", "CorePrj1\CorePrj1.csproj", "{31913883-1424-484F-AD40-1A5EEC6CDC67}"
EndProject
Global
	GlobalSection(SolutionConfigurationPlatforms) = preSolution
		Debug|Any CPU = Debug|Any CPU
		Release|Any CPU = Release|Any CPU
	EndGlobalSection
	GlobalSection(ProjectConfigurationPlatforms) = postSolution
		{31913883-1424-484F-AD40-1A5EEC6CDC67}.Debug|Any CPU.ActiveCfg = Debug|Any CPU
		{31913883-1424-484F-AD40-1A5EEC6CDC67}.Debug|Any CPU.Build.0 = Debug|Any CPU
		{31913883-1424-484F-AD40-1A5EEC6CDC67}.Release|Any CPU.ActiveCfg = Release|Any CPU
		{31913883-1424-484F-AD40-1A5EEC6CDC67}.Release|Any CPU.Build.0 = Release|Any CPU
	EndGlobalSection
	GlobalSection(SolutionProperties) = preSolution
		HideSolutionNode = FALSE
	EndGlobalSection
	GlobalSection(ExtensibilityGlobals) = postSolution
		SolutionGuid = {70ADB2A0-07DF-4444-8F52-246B23C7CA11}
	EndGlobalSection
EndGlobal
