
Microsoft Visual Studio Solution File, Format Version 12.00
# Visual Studio Version 16
VisualStudioVersion = 16.0.32630.194
MinimumVisualStudioVersion = 10.0.40219.1
Project("{FAE04EC0-301F-11D3-BF4B-00C04F79EFBC}") = "Day5Dotnet", "Day5Dotnet\Day5Dotnet.csproj", "{538DD071-E627-4195-8E21-3E35D2577442}"
EndProject
Global
	GlobalSection(SolutionConfigurationPlatforms) = preSolution
		Debug|Any CPU = Debug|Any CPU
		Release|Any CPU = Release|Any CPU
	EndGlobalSection
	GlobalSection(ProjectConfigurationPlatforms) = postSolution
		{538DD071-E627-4195-8E21-3E35D2577442}.Debug|Any CPU.ActiveCfg = Debug|Any CPU
		{538DD071-E627-4195-8E21-3E35D2577442}.Debug|Any CPU.Build.0 = Debug|Any CPU
		{538DD071-E627-4195-8E21-3E35D2577442}.Release|Any CPU.ActiveCfg = Release|Any CPU
		{538DD071-E627-4195-8E21-3E35D2577442}.Release|Any CPU.Build.0 = Release|Any CPU
	EndGlobalSection
	GlobalSection(SolutionProperties) = preSolution
		HideSolutionNode = FALSE
	EndGlobalSection
	GlobalSection(ExtensibilityGlobals) = postSolution
		SolutionGuid = {887FE517-61F0-4876-8D90-C30D880FF9A5}
	EndGlobalSection
EndGlobal
