
Microsoft Visual Studio Solution File, Format Version 12.00
# Visual Studio Version 16
VisualStudioVersion = 16.0.32630.194
MinimumVisualStudioVersion = 10.0.40219.1
Project("{FAE04EC0-301F-11D3-BF4B-00C04F79EFBC}") = "Basic_Crud", "Basic_Crud\Basic_Crud.csproj", "{EBE0BFD9-48A5-4AF6-BB34-072EAF5440BE}"
EndProject
Global
	GlobalSection(SolutionConfigurationPlatforms) = preSolution
		Debug|Any CPU = Debug|Any CPU
		Release|Any CPU = Release|Any CPU
	EndGlobalSection
	GlobalSection(ProjectConfigurationPlatforms) = postSolution
		{EBE0BFD9-48A5-4AF6-BB34-072EAF5440BE}.Debug|Any CPU.ActiveCfg = Debug|Any CPU
		{EBE0BFD9-48A5-4AF6-BB34-072EAF5440BE}.Debug|Any CPU.Build.0 = Debug|Any CPU
		{EBE0BFD9-48A5-4AF6-BB34-072EAF5440BE}.Release|Any CPU.ActiveCfg = Release|Any CPU
		{EBE0BFD9-48A5-4AF6-BB34-072EAF5440BE}.Release|Any CPU.Build.0 = Release|Any CPU
	EndGlobalSection
	GlobalSection(SolutionProperties) = preSolution
		HideSolutionNode = FALSE
	EndGlobalSection
	GlobalSection(ExtensibilityGlobals) = postSolution
		SolutionGuid = {B1DFE14D-D8BF-4D9C-9809-D6DD80E95452}
	EndGlobalSection
EndGlobal
