
Microsoft Visual Studio Solution File, Format Version 12.00
# Visual Studio Version 16
VisualStudioVersion = 16.0.32630.194
MinimumVisualStudioVersion = 10.0.40219.1
Project("{FAE04EC0-301F-11D3-BF4B-00C04F79EFBC}") = "Core_EF_DBFirst", "Core_EF_DBFirst\Core_EF_DBFirst.csproj", "{5FCAF203-CC2F-48E9-9CD5-F941594C9BC1}"
EndProject
Global
	GlobalSection(SolutionConfigurationPlatforms) = preSolution
		Debug|Any CPU = Debug|Any CPU
		Release|Any CPU = Release|Any CPU
	EndGlobalSection
	GlobalSection(ProjectConfigurationPlatforms) = postSolution
		{5FCAF203-CC2F-48E9-9CD5-F941594C9BC1}.Debug|Any CPU.ActiveCfg = Debug|Any CPU
		{5FCAF203-CC2F-48E9-9CD5-F941594C9BC1}.Debug|Any CPU.Build.0 = Debug|Any CPU
		{5FCAF203-CC2F-48E9-9CD5-F941594C9BC1}.Release|Any CPU.ActiveCfg = Release|Any CPU
		{5FCAF203-CC2F-48E9-9CD5-F941594C9BC1}.Release|Any CPU.Build.0 = Release|Any CPU
	EndGlobalSection
	GlobalSection(SolutionProperties) = preSolution
		HideSolutionNode = FALSE
	EndGlobalSection
	GlobalSection(ExtensibilityGlobals) = postSolution
		SolutionGuid = {37B92898-8267-41E7-A51F-AC34D4BBA765}
	EndGlobalSection
EndGlobal
