
Microsoft Visual Studio Solution File, Format Version 12.00
# Visual Studio Version 16
VisualStudioVersion = 16.0.32630.194
MinimumVisualStudioVersion = 10.0.40219.1
Project("{FAE04EC0-301F-11D3-BF4B-00C04F79EFBC}") = "RemotingClient", "RemotingClient\RemotingClient.csproj", "{CF0FD3C8-99D5-443D-B9CB-DD213CF0DD0E}"
EndProject
Global
	GlobalSection(SolutionConfigurationPlatforms) = preSolution
		Debug|Any CPU = Debug|Any CPU
		Release|Any CPU = Release|Any CPU
	EndGlobalSection
	GlobalSection(ProjectConfigurationPlatforms) = postSolution
		{CF0FD3C8-99D5-443D-B9CB-DD213CF0DD0E}.Debug|Any CPU.ActiveCfg = Debug|Any CPU
		{CF0FD3C8-99D5-443D-B9CB-DD213CF0DD0E}.Debug|Any CPU.Build.0 = Debug|Any CPU
		{CF0FD3C8-99D5-443D-B9CB-DD213CF0DD0E}.Release|Any CPU.ActiveCfg = Release|Any CPU
		{CF0FD3C8-99D5-443D-B9CB-DD213CF0DD0E}.Release|Any CPU.Build.0 = Release|Any CPU
	EndGlobalSection
	GlobalSection(SolutionProperties) = preSolution
		HideSolutionNode = FALSE
	EndGlobalSection
	GlobalSection(ExtensibilityGlobals) = postSolution
		SolutionGuid = {ECFC255A-5BA9-486D-8B7B-585F4533D35D}
	EndGlobalSection
EndGlobal
