
Microsoft Visual Studio Solution File, Format Version 12.00
# Visual Studio Version 16
VisualStudioVersion = 16.0.32630.194
MinimumVisualStudioVersion = 10.0.40219.1
Project("{FAE04EC0-301F-11D3-BF4B-00C04F79EFBC}") = "DI_Project", "DI_Project\DI_Project.csproj", "{8FBAB261-B035-42A1-9A79-7863E95D7B0C}"
EndProject
Global
	GlobalSection(SolutionConfigurationPlatforms) = preSolution
		Debug|Any CPU = Debug|Any CPU
		Release|Any CPU = Release|Any CPU
	EndGlobalSection
	GlobalSection(ProjectConfigurationPlatforms) = postSolution
		{8FBAB261-B035-42A1-9A79-7863E95D7B0C}.Debug|Any CPU.ActiveCfg = Debug|Any CPU
		{8FBAB261-B035-42A1-9A79-7863E95D7B0C}.Debug|Any CPU.Build.0 = Debug|Any CPU
		{8FBAB261-B035-42A1-9A79-7863E95D7B0C}.Release|Any CPU.ActiveCfg = Release|Any CPU
		{8FBAB261-B035-42A1-9A79-7863E95D7B0C}.Release|Any CPU.Build.0 = Release|Any CPU
	EndGlobalSection
	GlobalSection(SolutionProperties) = preSolution
		HideSolutionNode = FALSE
	EndGlobalSection
	GlobalSection(ExtensibilityGlobals) = postSolution
		SolutionGuid = {A731793C-D256-4D18-B645-83104EC7E54A}
	EndGlobalSection
EndGlobal
