
Microsoft Visual Studio Solution File, Format Version 12.00
# Visual Studio Version 16
VisualStudioVersion = 16.0.32630.194
MinimumVisualStudioVersion = 10.0.40219.1
Project("{FAE04EC0-301F-11D3-BF4B-00C04F79EFBC}") = "Lang_Enhancements_4", "Lang_Enhancements_4\Lang_Enhancements_4.csproj", "{197CB4F0-C5F8-432A-90C8-85B1042D819A}"
EndProject
Global
	GlobalSection(SolutionConfigurationPlatforms) = preSolution
		Debug|Any CPU = Debug|Any CPU
		Release|Any CPU = Release|Any CPU
	EndGlobalSection
	GlobalSection(ProjectConfigurationPlatforms) = postSolution
		{197CB4F0-C5F8-432A-90C8-85B1042D819A}.Debug|Any CPU.ActiveCfg = Debug|Any CPU
		{197CB4F0-C5F8-432A-90C8-85B1042D819A}.Debug|Any CPU.Build.0 = Debug|Any CPU
		{197CB4F0-C5F8-432A-90C8-85B1042D819A}.Release|Any CPU.ActiveCfg = Release|Any CPU
		{197CB4F0-C5F8-432A-90C8-85B1042D819A}.Release|Any CPU.Build.0 = Release|Any CPU
	EndGlobalSection
	GlobalSection(SolutionProperties) = preSolution
		HideSolutionNode = FALSE
	EndGlobalSection
	GlobalSection(ExtensibilityGlobals) = postSolution
		SolutionGuid = {5C82C95E-763A-4B3A-8877-38C4DCA3ADE0}
	EndGlobalSection
EndGlobal
