
Microsoft Visual Studio Solution File, Format Version 12.00
# Visual Studio Version 16
VisualStudioVersion = 16.0.32630.194
MinimumVisualStudioVersion = 10.0.40219.1
Project("{FAE04EC0-301F-11D3-BF4B-00C04F79EFBC}") = "Day11Dotnet", "Day11Dotnet\Day11Dotnet.csproj", "{23798A5D-8EDD-4CB6-BD2C-ABF35A2641D0}"
EndProject
Global
	GlobalSection(SolutionConfigurationPlatforms) = preSolution
		Debug|Any CPU = Debug|Any CPU
		Release|Any CPU = Release|Any CPU
	EndGlobalSection
	GlobalSection(ProjectConfigurationPlatforms) = postSolution
		{23798A5D-8EDD-4CB6-BD2C-ABF35A2641D0}.Debug|Any CPU.ActiveCfg = Debug|Any CPU
		{23798A5D-8EDD-4CB6-BD2C-ABF35A2641D0}.Debug|Any CPU.Build.0 = Debug|Any CPU
		{23798A5D-8EDD-4CB6-BD2C-ABF35A2641D0}.Release|Any CPU.ActiveCfg = Release|Any CPU
		{23798A5D-8EDD-4CB6-BD2C-ABF35A2641D0}.Release|Any CPU.Build.0 = Release|Any CPU
	EndGlobalSection
	GlobalSection(SolutionProperties) = preSolution
		HideSolutionNode = FALSE
	EndGlobalSection
	GlobalSection(ExtensibilityGlobals) = postSolution
		SolutionGuid = {62F48DF0-DE9F-426F-AC3A-D6369DB3F660}
	EndGlobalSection
EndGlobal
