
Microsoft Visual Studio Solution File, Format Version 12.00
# Visual Studio Version 16
VisualStudioVersion = 16.0.32630.194
MinimumVisualStudioVersion = 10.0.40219.1
Project("{FAE04EC0-301F-11D3-BF4B-00C04F79EFBC}") = "Day12WindowsApp", "Day12WindowsApp\Day12WindowsApp.csproj", "{BE441280-517A-43AD-8E12-5529CB9D62A8}"
EndProject
Global
	GlobalSection(SolutionConfigurationPlatforms) = preSolution
		Debug|Any CPU = Debug|Any CPU
		Release|Any CPU = Release|Any CPU
	EndGlobalSection
	GlobalSection(ProjectConfigurationPlatforms) = postSolution
		{BE441280-517A-43AD-8E12-5529CB9D62A8}.Debug|Any CPU.ActiveCfg = Debug|Any CPU
		{BE441280-517A-43AD-8E12-5529CB9D62A8}.Debug|Any CPU.Build.0 = Debug|Any CPU
		{BE441280-517A-43AD-8E12-5529CB9D62A8}.Release|Any CPU.ActiveCfg = Release|Any CPU
		{BE441280-517A-43AD-8E12-5529CB9D62A8}.Release|Any CPU.Build.0 = Release|Any CPU
	EndGlobalSection
	GlobalSection(SolutionProperties) = preSolution
		HideSolutionNode = FALSE
	EndGlobalSection
	GlobalSection(ExtensibilityGlobals) = postSolution
		SolutionGuid = {0CC69E88-7F5C-4D7E-ADAB-415FE6E5A605}
	EndGlobalSection
EndGlobal
