
Microsoft Visual Studio Solution File, Format Version 12.00
# Visual Studio Version 16
VisualStudioVersion = 16.0.32630.194
MinimumVisualStudioVersion = 10.0.40219.1
Project("{FAE04EC0-301F-11D3-BF4B-00C04F79EFBC}") = "Day1_WebForms", "Day1_WebForms\Day1_WebForms.csproj", "{1CF7E217-FAD0-48ED-9DD8-596658B356BD}"
EndProject
Global
	GlobalSection(SolutionConfigurationPlatforms) = preSolution
		Debug|Any CPU = Debug|Any CPU
		Release|Any CPU = Release|Any CPU
	EndGlobalSection
	GlobalSection(ProjectConfigurationPlatforms) = postSolution
		{1CF7E217-FAD0-48ED-9DD8-596658B356BD}.Debug|Any CPU.ActiveCfg = Debug|Any CPU
		{1CF7E217-FAD0-48ED-9DD8-596658B356BD}.Debug|Any CPU.Build.0 = Debug|Any CPU
		{1CF7E217-FAD0-48ED-9DD8-596658B356BD}.Release|Any CPU.ActiveCfg = Release|Any CPU
		{1CF7E217-FAD0-48ED-9DD8-596658B356BD}.Release|Any CPU.Build.0 = Release|Any CPU
	EndGlobalSection
	GlobalSection(SolutionProperties) = preSolution
		HideSolutionNode = FALSE
	EndGlobalSection
	GlobalSection(ExtensibilityGlobals) = postSolution
		SolutionGuid = {CCA00907-F67C-470B-89F0-C83B9D085CCE}
	EndGlobalSection
EndGlobal
