
Microsoft Visual Studio Solution File, Format Version 12.00
# Visual Studio Version 16
VisualStudioVersion = 16.0.32630.194
MinimumVisualStudioVersion = 10.0.40219.1
Project("{FAE04EC0-301F-11D3-BF4B-00C04F79EFBC}") = "Prj_Auth", "Prj_Auth\Prj_Auth.csproj", "{290655E9-4BE9-4391-A24B-46E25A516199}"
EndProject
Global
	GlobalSection(SolutionConfigurationPlatforms) = preSolution
		Debug|Any CPU = Debug|Any CPU
		Release|Any CPU = Release|Any CPU
	EndGlobalSection
	GlobalSection(ProjectConfigurationPlatforms) = postSolution
		{290655E9-4BE9-4391-A24B-46E25A516199}.Debug|Any CPU.ActiveCfg = Debug|Any CPU
		{290655E9-4BE9-4391-A24B-46E25A516199}.Debug|Any CPU.Build.0 = Debug|Any CPU
		{290655E9-4BE9-4391-A24B-46E25A516199}.Release|Any CPU.ActiveCfg = Release|Any CPU
		{290655E9-4BE9-4391-A24B-46E25A516199}.Release|Any CPU.Build.0 = Release|Any CPU
	EndGlobalSection
	GlobalSection(SolutionProperties) = preSolution
		HideSolutionNode = FALSE
	EndGlobalSection
	GlobalSection(ExtensibilityGlobals) = postSolution
		SolutionGuid = {B5CBE95A-1799-4113-8AD5-5CBB5FBAD8C3}
	EndGlobalSection
EndGlobal
