
Microsoft Visual Studio Solution File, Format Version 12.00
# Visual Studio Version 16
VisualStudioVersion = 16.0.32630.194
MinimumVisualStudioVersion = 10.0.40219.1
Project("{FAE04EC0-301F-11D3-BF4B-00C04F79EFBC}") = "Day1DotNet", "Day1DotNet\Day1DotNet.csproj", "{051EE32B-2B7B-4260-BC72-9F8A98ED31E0}"
EndProject
Global
	GlobalSection(SolutionConfigurationPlatforms) = preSolution
		Debug|Any CPU = Debug|Any CPU
		Release|Any CPU = Release|Any CPU
	EndGlobalSection
	GlobalSection(ProjectConfigurationPlatforms) = postSolution
		{051EE32B-2B7B-4260-BC72-9F8A98ED31E0}.Debug|Any CPU.ActiveCfg = Debug|Any CPU
		{051EE32B-2B7B-4260-BC72-9F8A98ED31E0}.Debug|Any CPU.Build.0 = Debug|Any CPU
		{051EE32B-2B7B-4260-BC72-9F8A98ED31E0}.Release|Any CPU.ActiveCfg = Release|Any CPU
		{051EE32B-2B7B-4260-BC72-9F8A98ED31E0}.Release|Any CPU.Build.0 = Release|Any CPU
	EndGlobalSection
	GlobalSection(SolutionProperties) = preSolution
		HideSolutionNode = FALSE
	EndGlobalSection
	GlobalSection(ExtensibilityGlobals) = postSolution
		SolutionGuid = {61886E7E-4F7E-4381-BC5D-F9F2136D205E}
	EndGlobalSection
EndGlobal
