
Microsoft Visual Studio Solution File, Format Version 12.00
# Visual Studio Version 16
VisualStudioVersion = 16.0.32630.194
MinimumVisualStudioVersion = 10.0.40219.1
Project("{FAE04EC0-301F-11D3-BF4B-00C04F79EFBC}") = "SingleTon", "SingleTon\SingleTon.csproj", "{262F9B39-43AE-4C5E-B216-C37C9A0F2BAE}"
EndProject
Global
	GlobalSection(SolutionConfigurationPlatforms) = preSolution
		Debug|Any CPU = Debug|Any CPU
		Release|Any CPU = Release|Any CPU
	EndGlobalSection
	GlobalSection(ProjectConfigurationPlatforms) = postSolution
		{262F9B39-43AE-4C5E-B216-C37C9A0F2BAE}.Debug|Any CPU.ActiveCfg = Debug|Any CPU
		{262F9B39-43AE-4C5E-B216-C37C9A0F2BAE}.Debug|Any CPU.Build.0 = Debug|Any CPU
		{262F9B39-43AE-4C5E-B216-C37C9A0F2BAE}.Release|Any CPU.ActiveCfg = Release|Any CPU
		{262F9B39-43AE-4C5E-B216-C37C9A0F2BAE}.Release|Any CPU.Build.0 = Release|Any CPU
	EndGlobalSection
	GlobalSection(SolutionProperties) = preSolution
		HideSolutionNode = FALSE
	EndGlobalSection
	GlobalSection(ExtensibilityGlobals) = postSolution
		SolutionGuid = {F7EA897B-BEF0-4906-819E-BF3E8007D516}
	EndGlobalSection
EndGlobal
