
Microsoft Visual Studio Solution File, Format Version 12.00
# Visual Studio Version 16
VisualStudioVersion = 16.0.32630.194
MinimumVisualStudioVersion = 10.0.40219.1
Project("{FAE04EC0-301F-11D3-BF4B-00C04F79EFBC}") = "Day8Dotnet", "Day8Dotnet\Day8Dotnet.csproj", "{50FFD2CA-1CA9-4C11-B704-253BF6CA899E}"
EndProject
Global
	GlobalSection(SolutionConfigurationPlatforms) = preSolution
		Debug|Any CPU = Debug|Any CPU
		Release|Any CPU = Release|Any CPU
	EndGlobalSection
	GlobalSection(ProjectConfigurationPlatforms) = postSolution
		{50FFD2CA-1CA9-4C11-B704-253BF6CA899E}.Debug|Any CPU.ActiveCfg = Debug|Any CPU
		{50FFD2CA-1CA9-4C11-B704-253BF6CA899E}.Debug|Any CPU.Build.0 = Debug|Any CPU
		{50FFD2CA-1CA9-4C11-B704-253BF6CA899E}.Release|Any CPU.ActiveCfg = Release|Any CPU
		{50FFD2CA-1CA9-4C11-B704-253BF6CA899E}.Release|Any CPU.Build.0 = Release|Any CPU
	EndGlobalSection
	GlobalSection(SolutionProperties) = preSolution
		HideSolutionNode = FALSE
	EndGlobalSection
	GlobalSection(ExtensibilityGlobals) = postSolution
		SolutionGuid = {C25BFFF6-3B10-49D6-8E89-9A0075AD0F07}
	EndGlobalSection
EndGlobal
