
Microsoft Visual Studio Solution File, Format Version 12.00
# Visual Studio Version 16
VisualStudioVersion = 16.0.32630.194
MinimumVisualStudioVersion = 10.0.40219.1
Project("{FAE04EC0-301F-11D3-BF4B-00C04F79EFBC}") = "Lang_Enhancements2", "Lang_Enhancements2\Lang_Enhancements2.csproj", "{94EBB52B-4071-4C38-B728-EDC8ACC457C9}"
EndProject
Global
	GlobalSection(SolutionConfigurationPlatforms) = preSolution
		Debug|Any CPU = Debug|Any CPU
		Release|Any CPU = Release|Any CPU
	EndGlobalSection
	GlobalSection(ProjectConfigurationPlatforms) = postSolution
		{94EBB52B-4071-4C38-B728-EDC8ACC457C9}.Debug|Any CPU.ActiveCfg = Debug|Any CPU
		{94EBB52B-4071-4C38-B728-EDC8ACC457C9}.Debug|Any CPU.Build.0 = Debug|Any CPU
		{94EBB52B-4071-4C38-B728-EDC8ACC457C9}.Release|Any CPU.ActiveCfg = Release|Any CPU
		{94EBB52B-4071-4C38-B728-EDC8ACC457C9}.Release|Any CPU.Build.0 = Release|Any CPU
	EndGlobalSection
	GlobalSection(SolutionProperties) = preSolution
		HideSolutionNode = FALSE
	EndGlobalSection
	GlobalSection(ExtensibilityGlobals) = postSolution
		SolutionGuid = {CCB68431-A795-472B-BA43-83E653816F63}
	EndGlobalSection
EndGlobal
