
Microsoft Visual Studio Solution File, Format Version 12.00
# Visual Studio Version 16
VisualStudioVersion = 16.0.32630.194
MinimumVisualStudioVersion = 10.0.40219.1
Project("{FAE04EC0-301F-11D3-BF4B-00C04F79EFBC}") = "Day9Dotnet", "Day9Dotnet\Day9Dotnet.csproj", "{5E1B3B79-82C9-418D-9B14-A77501BD8A75}"
EndProject
Project("{FAE04EC0-301F-11D3-BF4B-00C04F79EFBC}") = "ClassLibrary1", "ClassLibrary1\ClassLibrary1.csproj", "{5412D8FC-88C8-4B93-BA5C-34AA81CB3ADA}"
EndProject
Global
	GlobalSection(SolutionConfigurationPlatforms) = preSolution
		Debug|Any CPU = Debug|Any CPU
		Release|Any CPU = Release|Any CPU
	EndGlobalSection
	GlobalSection(ProjectConfigurationPlatforms) = postSolution
		{5E1B3B79-82C9-418D-9B14-A77501BD8A75}.Debug|Any CPU.ActiveCfg = Debug|Any CPU
		{5E1B3B79-82C9-418D-9B14-A77501BD8A75}.Debug|Any CPU.Build.0 = Debug|Any CPU
		{5E1B3B79-82C9-418D-9B14-A77501BD8A75}.Release|Any CPU.ActiveCfg = Release|Any CPU
		{5E1B3B79-82C9-418D-9B14-A77501BD8A75}.Release|Any CPU.Build.0 = Release|Any CPU
		{5412D8FC-88C8-4B93-BA5C-34AA81CB3ADA}.Debug|Any CPU.ActiveCfg = Debug|Any CPU
		{5412D8FC-88C8-4B93-BA5C-34AA81CB3ADA}.Debug|Any CPU.Build.0 = Debug|Any CPU
		{5412D8FC-88C8-4B93-BA5C-34AA81CB3ADA}.Release|Any CPU.ActiveCfg = Release|Any CPU
		{5412D8FC-88C8-4B93-BA5C-34AA81CB3ADA}.Release|Any CPU.Build.0 = Release|Any CPU
	EndGlobalSection
	GlobalSection(SolutionProperties) = preSolution
		HideSolutionNode = FALSE
	EndGlobalSection
	GlobalSection(ExtensibilityGlobals) = postSolution
		SolutionGuid = {E6A159EF-E85C-434C-8641-D75FAC648A3E}
	EndGlobalSection
EndGlobal
