
Microsoft Visual Studio Solution File, Format Version 12.00
# Visual Studio Version 16
VisualStudioVersion = 16.0.32630.194
MinimumVisualStudioVersion = 10.0.40219.1
Project("{FAE04EC0-301F-11D3-BF4B-00C04F79EFBC}") = "Staticfiles_Prj", "Staticfiles_Prj\Staticfiles_Prj.csproj", "{7999B0B3-D242-420D-AF97-0D001FCF5E95}"
EndProject
Global
	GlobalSection(SolutionConfigurationPlatforms) = preSolution
		Debug|Any CPU = Debug|Any CPU
		Release|Any CPU = Release|Any CPU
	EndGlobalSection
	GlobalSection(ProjectConfigurationPlatforms) = postSolution
		{7999B0B3-D242-420D-AF97-0D001FCF5E95}.Debug|Any CPU.ActiveCfg = Debug|Any CPU
		{7999B0B3-D242-420D-AF97-0D001FCF5E95}.Debug|Any CPU.Build.0 = Debug|Any CPU
		{7999B0B3-D242-420D-AF97-0D001FCF5E95}.Release|Any CPU.ActiveCfg = Release|Any CPU
		{7999B0B3-D242-420D-AF97-0D001FCF5E95}.Release|Any CPU.Build.0 = Release|Any CPU
	EndGlobalSection
	GlobalSection(SolutionProperties) = preSolution
		HideSolutionNode = FALSE
	EndGlobalSection
	GlobalSection(ExtensibilityGlobals) = postSolution
		SolutionGuid = {A695FB59-C4CD-4004-8E6F-C011BAA22D49}
	EndGlobalSection
EndGlobal
